{
  "version": 4,
  "terraform_version": "1.12.2",
  "serial": 20,
  "lineage": "feaa616c-8c1e-ac75-e729-9ef395b19ae9",
  "outputs": {},
  "resources": [
    {
      "mode": "managed",
      "type": "yandex_compute_instance",
      "name": "bastion",
      "provider": "provider[\"registry.terraform.io/yandex-cloud/yandex\"]",
      "instances": [
        {
          "index_key": 0,
          "schema_version": 1,
          "attributes": {
            "allow_recreate": null,
            "allow_stopping_for_update": null,
            "boot_disk": [
              {
                "auto_delete": true,
                "device_name": "fhmidamrhpvlgjmnelts",
                "disk_id": "fhmidamrhpvlgjmnelts",
                "initialize_params": [
                  {
                    "block_size": 4096,
                    "description": "",
                    "image_id": "fd842fimj1jg6vmfee6r",
                    "kms_key_id": "",
                    "name": "",
                    "size": 8,
                    "snapshot_id": "",
                    "type": "network-hdd"
                  }
                ],
                "mode": "READ_WRITE"
              }
            ],
            "created_at": "2025-08-02T12:33:20Z",
            "description": "",
            "filesystem": [],
            "folder_id": "b1gq0b7bj6tgvtti6km6",
            "fqdn": "fhmrq8um2jbm4sbptr0h.auto.internal",
            "gpu_cluster_id": "",
            "hardware_generation": [
              {
                "generation2_features": [],
                "legacy_features": [
                  {
                    "pci_topology": "PCI_TOPOLOGY_V1"
                  }
                ]
              }
            ],
            "hostname": "",
            "id": "fhmrq8um2jbm4sbptr0h",
            "labels": {},
            "local_disk": [],
            "maintenance_grace_period": "",
            "maintenance_policy": null,
            "metadata": {
              "ssh-keys": "ubuntu:ssh-ed25519 AAAAC3NzaC1lZDI1NTE5AAAAINeXrvVSlJlp90oFVWAjh1rG56qZRuN1nb/ThmfMKfS8 chichikinaleksei@chichikin\n"
            },
            "metadata_options": [
              {
                "aws_v1_http_endpoint": 1,
                "aws_v1_http_token": 2,
                "gce_http_endpoint": 1,
                "gce_http_token": 1
              }
            ],
            "name": "bastion-host",
            "network_acceleration_type": "standard",
            "network_interface": [
              {
                "dns_record": [],
                "index": 0,
                "ip_address": "10.10.0.31",
                "ipv4": true,
                "ipv6": false,
                "ipv6_address": "",
                "ipv6_dns_record": [],
                "mac_address": "d0:0d:1b:d2:3d:61",
                "nat": true,
                "nat_dns_record": [],
                "nat_ip_address": "89.169.132.74",
                "nat_ip_version": "IPV4",
                "security_group_ids": [
                  "enpbb0kip0fi5qfkhndl"
                ],
                "subnet_id": "e9bjbmom696e8dn9vjdo"
              }
            ],
            "placement_policy": [
              {
                "host_affinity_rules": [],
                "placement_group_id": "",
                "placement_group_partition": 0
              }
            ],
            "platform_id": "standard-v1",
            "resources": [
              {
                "core_fraction": 5,
                "cores": 2,
                "gpus": 0,
                "memory": 2
              }
            ],
            "scheduling_policy": [
              {
                "preemptible": false
              }
            ],
            "secondary_disk": [],
            "service_account_id": "",
            "status": "running",
            "timeouts": null,
            "zone": "ru-central1-a"
          },
          "sensitive_attributes": [],
          "identity_schema_version": 0,
          "private": "eyJlMmJmYjczMC1lY2FhLTExZTYtOGY4OC0zNDM2M2JjN2M0YzAiOnsiY3JlYXRlIjozMDAwMDAwMDAwMDAsImRlbGV0ZSI6MzAwMDAwMDAwMDAwLCJ1cGRhdGUiOjMwMDAwMDAwMDAwMH0sInNjaGVtYV92ZXJzaW9uIjoiMSJ9",
          "dependencies": [
            "yandex_vpc_network.default",
            "yandex_vpc_security_group.bastion_sg",
            "yandex_vpc_subnet.subnets"
          ]
        }
      ]
    },
    {
      "mode": "managed",
      "type": "yandex_dns_zone",
      "name": "private_zone",
      "provider": "provider[\"registry.terraform.io/yandex-cloud/yandex\"]",
      "instances": [
        {
          "schema_version": 0,
          "attributes": {
            "created_at": "2025-08-02T12:06:36Z",
            "deletion_protection": false,
            "description": "Private zone for internal resolution",
            "folder_id": "b1gq0b7bj6tgvtti6km6",
            "id": "dnsfvggfl3qedbuotc9l",
            "labels": {},
            "name": "private-zone",
            "private_networks": [
              "enpicu1jt93nl5ivk5hu"
            ],
            "public": false,
            "timeouts": null,
            "zone": "example.com."
          },
          "sensitive_attributes": [],
          "identity_schema_version": 0,
          "private": "eyJlMmJmYjczMC1lY2FhLTExZTYtOGY4OC0zNDM2M2JjN2M0YzAiOnsiY3JlYXRlIjozMDAwMDAwMDAwMDAsImRlbGV0ZSI6MzAwMDAwMDAwMDAwLCJ1cGRhdGUiOjMwMDAwMDAwMDAwMH19",
          "dependencies": [
            "yandex_vpc_network.default"
          ]
        }
      ]
    },
    {
      "mode": "managed",
      "type": "yandex_vpc_network",
      "name": "default",
      "provider": "provider[\"registry.terraform.io/yandex-cloud/yandex\"]",
      "instances": [
        {
          "schema_version": 0,
          "attributes": {
            "created_at": "2025-08-02T12:06:33Z",
            "default_security_group_id": "enp6ha85s7s9oohjj5gk",
            "description": "",
            "folder_id": "b1gq0b7bj6tgvtti6km6",
            "id": "enpicu1jt93nl5ivk5hu",
            "labels": {},
            "name": "vpc-net",
            "subnet_ids": [
              "e2lvvuiu3sfbh1d12seg",
              "e9bjbmom696e8dn9vjdo"
            ],
            "timeouts": null
          },
          "sensitive_attributes": [],
          "identity_schema_version": 0,
          "private": "eyJlMmJmYjczMC1lY2FhLTExZTYtOGY4OC0zNDM2M2JjN2M0YzAiOnsiY3JlYXRlIjo2MDAwMDAwMDAwMCwiZGVsZXRlIjo2MDAwMDAwMDAwMCwidXBkYXRlIjo2MDAwMDAwMDAwMH19"
        }
      ]
    },
    {
      "mode": "managed",
      "type": "yandex_vpc_security_group",
      "name": "bastion_sg",
      "provider": "provider[\"registry.terraform.io/yandex-cloud/yandex\"]",
      "instances": [
        {
          "schema_version": 0,
          "attributes": {
            "created_at": "2025-08-02T12:30:20Z",
            "description": "",
            "egress": [
              {
                "description": "Allow all egress",
                "from_port": -1,
                "id": "enpd8nlucla31nib6eqm",
                "labels": {},
                "port": -1,
                "predefined_target": "",
                "protocol": "ANY",
                "security_group_id": "",
                "to_port": -1,
                "v4_cidr_blocks": [
                  "0.0.0.0/0"
                ],
                "v6_cidr_blocks": []
              }
            ],
            "folder_id": "b1gq0b7bj6tgvtti6km6",
            "id": "enpbb0kip0fi5qfkhndl",
            "ingress": [
              {
                "description": "Allow SSH",
                "from_port": -1,
                "id": "enp7odrhlq80iqdnoi7o",
                "labels": {},
                "port": 22,
                "predefined_target": "",
                "protocol": "TCP",
                "security_group_id": "",
                "to_port": -1,
                "v4_cidr_blocks": [
                  "0.0.0.0/0"
                ],
                "v6_cidr_blocks": []
              }
            ],
            "labels": {},
            "name": "bastion-ssh-sg",
            "network_id": "enpicu1jt93nl5ivk5hu",
            "status": "ACTIVE",
            "timeouts": null
          },
          "sensitive_attributes": [],
          "identity_schema_version": 0,
          "private": "eyJlMmJmYjczMC1lY2FhLTExZTYtOGY4OC0zNDM2M2JjN2M0YzAiOnsiY3JlYXRlIjoxODAwMDAwMDAwMDAsImRlbGV0ZSI6MTgwMDAwMDAwMDAwLCJ1cGRhdGUiOjE4MDAwMDAwMDAwMH19",
          "dependencies": [
            "yandex_vpc_network.default"
          ]
        }
      ]
    },
    {
      "mode": "managed",
      "type": "yandex_vpc_subnet",
      "name": "subnets",
      "provider": "provider[\"registry.terraform.io/yandex-cloud/yandex\"]",
      "instances": [
        {
          "index_key": "subnet-a",
          "schema_version": 0,
          "attributes": {
            "created_at": "2025-08-02T12:06:35Z",
            "description": "",
            "dhcp_options": [],
            "folder_id": "b1gq0b7bj6tgvtti6km6",
            "id": "e9bjbmom696e8dn9vjdo",
            "labels": {},
            "name": "subnet-a",
            "network_id": "enpicu1jt93nl5ivk5hu",
            "route_table_id": "",
            "timeouts": null,
            "v4_cidr_blocks": [
              "10.10.0.0/24"
            ],
            "v6_cidr_blocks": [],
            "zone": "ru-central1-a"
          },
          "sensitive_attributes": [],
          "identity_schema_version": 0,
          "private": "eyJlMmJmYjczMC1lY2FhLTExZTYtOGY4OC0zNDM2M2JjN2M0YzAiOnsiY3JlYXRlIjoxODAwMDAwMDAwMDAsImRlbGV0ZSI6MTgwMDAwMDAwMDAwLCJ1cGRhdGUiOjE4MDAwMDAwMDAwMH19",
          "dependencies": [
            "yandex_vpc_network.default"
          ]
        },
        {
          "index_key": "subnet-b",
          "schema_version": 0,
          "attributes": {
            "created_at": "2025-08-02T12:06:34Z",
            "description": "",
            "dhcp_options": [],
            "folder_id": "b1gq0b7bj6tgvtti6km6",
            "id": "e2lvvuiu3sfbh1d12seg",
            "labels": {},
            "name": "subnet-b",
            "network_id": "enpicu1jt93nl5ivk5hu",
            "route_table_id": "",
            "timeouts": null,
            "v4_cidr_blocks": [
              "10.20.0.0/24"
            ],
            "v6_cidr_blocks": [],
            "zone": "ru-central1-b"
          },
          "sensitive_attributes": [],
          "identity_schema_version": 0,
          "private": "eyJlMmJmYjczMC1lY2FhLTExZTYtOGY4OC0zNDM2M2JjN2M0YzAiOnsiY3JlYXRlIjoxODAwMDAwMDAwMDAsImRlbGV0ZSI6MTgwMDAwMDAwMDAwLCJ1cGRhdGUiOjE4MDAwMDAwMDAwMH19",
          "dependencies": [
            "yandex_vpc_network.default"
          ]
        }
      ]
    },
    {
      "module": "module.k8s_hosts",
      "mode": "managed",
      "type": "yandex_vpc_security_group",
      "name": "k8s_sg",
      "provider": "provider[\"registry.terraform.io/yandex-cloud/yandex\"]",
      "instances": [
        {
          "schema_version": 0,
          "attributes": {
            "created_at": "2025-08-02T17:47:04Z",
            "description": "",
            "egress": [
              {
                "description": "Allow all egress",
                "from_port": -1,
                "id": "enpp44p27nninq21r33m",
                "labels": {},
                "port": -1,
                "predefined_target": "",
                "protocol": "ANY",
                "security_group_id": "",
                "to_port": -1,
                "v4_cidr_blocks": [
                  "0.0.0.0/0"
                ],
                "v6_cidr_blocks": []
              }
            ],
            "folder_id": "b1gq0b7bj6tgvtti6km6",
            "id": "enp02j9ns36c6toproh1",
            "ingress": [
              {
                "description": "Allow SSH from bastion",
                "from_port": -1,
                "id": "enpj0letsdh9nifjf4t2",
                "labels": {},
                "port": 22,
                "predefined_target": "",
                "protocol": "TCP",
                "security_group_id": "",
                "to_port": -1,
                "v4_cidr_blocks": [
                  "10.10.0.0/24"
                ],
                "v6_cidr_blocks": []
              }
            ],
            "labels": {},
            "name": "k8s-nodes-sg",
            "network_id": "enpicu1jt93nl5ivk5hu",
            "status": "ACTIVE",
            "timeouts": null
          },
          "sensitive_attributes": [],
          "identity_schema_version": 0,
          "private": "eyJlMmJmYjczMC1lY2FhLTExZTYtOGY4OC0zNDM2M2JjN2M0YzAiOnsiY3JlYXRlIjoxODAwMDAwMDAwMDAsImRlbGV0ZSI6MTgwMDAwMDAwMDAwLCJ1cGRhdGUiOjE4MDAwMDAwMDAwMH19",
          "dependencies": [
            "yandex_vpc_network.default"
          ]
        }
      ]
    }
  ],
  "check_results": null
}
